# This file is automatically @generated by Cargo.
# It is not intended for manual editing.
version = 4

[[package]]
name = "gateway-auth-codex"
version = "0.0.0"

[[package]]
name = "gateway-backend-codex"
version = "0.0.0"

[[package]]
name = "gateway-core"
version = "0.0.0"

[[package]]
name = "gateway-http-anthropic"
version = "0.0.0"

[[package]]
name = "gateway-observability"
version = "0.0.0"

[[package]]
name = "gatewayd"
version = "0.0.0"
dependencies = [
 "gateway-core",
]
